<?xml version="1.0" encoding="utf-8"?>
<Project ToolsVersion="4.0" xmlns="http://schemas.microsoft.com/developer/msbuild/2003">
  <ItemGroup>
    <Filter Include="src">
      <UniqueIdentifier>{2DAB880B-99B4-887C-2230-9F7C8E38947C}</UniqueIdentifier>
    </Filter>
    <Filter Include="src\sasm">
      <UniqueIdentifier>{70EA36CF-5CB7-91DA-85D0-7F8271FCC668}</UniqueIdentifier>
    </Filter>
    <Filter Include="src\util">
      <UniqueIdentifier>{BA5238CF-A61F-93DA-CF38-8182BB64C868}</UniqueIdentifier>
    </Filter>
  </ItemGroup>
  <ItemGroup>
    <ClInclude Include="include\hasl.h" />
    <ClInclude Include="include\pch.h" />
    <ClInclude Include="include\src\constants.h">
      <Filter>src</Filter>
    </ClInclude>
    <ClInclude Include="include\src\core.h">
      <Filter>src</Filter>
    </ClInclude>
    <ClInclude Include="include\src\sasm\assembler.h">
      <Filter>src\sasm</Filter>
    </ClInclude>
    <ClInclude Include="include\src\sasm\command.h">
      <Filter>src\sasm</Filter>
    </ClInclude>
    <ClInclude Include="include\src\sasm\constants.h">
      <Filter>src\sasm</Filter>
    </ClInclude>
    <ClInclude Include="include\src\sasm\registers.h">
      <Filter>src\sasm</Filter>
    </ClInclude>
    <ClInclude Include="include\src\sasm\script.h">
      <Filter>src\sasm</Filter>
    </ClInclude>
    <ClInclude Include="include\src\sasm\script_runtime.h">
      <Filter>src\sasm</Filter>
    </ClInclude>
    <ClInclude Include="include\src\sasm\scriptable.h">
      <Filter>src\sasm</Filter>
    </ClInclude>
    <ClInclude Include="include\src\sasm\vm.h">
      <Filter>src\sasm</Filter>
    </ClInclude>
    <ClInclude Include="include\src\util\functions.h">
      <Filter>src\util</Filter>
    </ClInclude>
    <ClInclude Include="include\src\util\vec.h">
      <Filter>src\util</Filter>
    </ClInclude>
  </ItemGroup>
  <ItemGroup>
    <ClCompile Include="include\pch.cpp" />
  </ItemGroup>
</Project>